<?xml version="1.0" encoding="UTF-8"?>
<Scheme
   version = "1.3">
   <BuildAction>
      <BuildActionEntries>
         <BuildActionEntry
            buildForRunning = "YES">
            <BuildableReference
               BuildableIdentifier = "primary"
               BlueprintIdentifier = "6E2E4D3C269BB5B70032BFAE"
               BuildableName = "cloudnotesapp.app"
               BlueprintName = "cloudnotesapp"
               ReferencedContainer = "container:cloudnotesapp.xcodeproj">
            </BuildableReference>
         </BuildActionEntry>
      </BuildActionEntries>
   </BuildAction>
   <LaunchAction
      useCustomWorkingDirectory = "NO"
      buildConfiguration = "Debug"
      allowLocationSimulation = "YES">
      <BuildableProductRunnable>
         <BuildableReference
            BuildableIdentifier = "primary"
            BlueprintIdentifier = "6E2E4D3C269BB5B70032BFAE"
            BuildableName = "cloudnotesapp.app"
            BlueprintName = "cloudnotesapp"
            ReferencedContainer = "container:cloudnotesapp.xcodeproj">
         </BuildableReference>
      </BuildableProductRunnable>
   </LaunchAction>
</Scheme>
